
Microsoft Visual Studio Solution File, Format Version 12.00
# Visual Studio 15
VisualStudioVersion = 15.0.27428.2037
MinimumVisualStudioVersion = 10.0.40219.1
Project("{FAE04EC0-301F-11D3-BF4B-00C04F79EFBC}") = "Potatoes", "Potatoes\Potatoes.csproj", "{9FDB2AE2-A851-44D0-A886-8ACD2E1BF49D}"
EndProject
Global
	GlobalSection(SolutionConfigurationPlatforms) = preSolution
		Debug|ARM = Debug|ARM
		Debug|x64 = Debug|x64
		Debug|x86 = Debug|x86
		Release|ARM = Release|ARM
		Release|x64 = Release|x64
		Release|x86 = Release|x86
	EndGlobalSection
	GlobalSection(ProjectConfigurationPlatforms) = postSolution
		{9FDB2AE2-A851-44D0-A886-8ACD2E1BF49D}.Debug|ARM.ActiveCfg = Debug|ARM
		{9FDB2AE2-A851-44D0-A886-8ACD2E1BF49D}.Debug|ARM.Build.0 = Debug|ARM
		{9FDB2AE2-A851-44D0-A886-8ACD2E1BF49D}.Debug|ARM.Deploy.0 = Debug|ARM
		{9FDB2AE2-A851-44D0-A886-8ACD2E1BF49D}.Debug|x64.ActiveCfg = Debug|x64
		{9FDB2AE2-A851-44D0-A886-8ACD2E1BF49D}.Debug|x64.Build.0 = Debug|x64
		{9FDB2AE2-A851-44D0-A886-8ACD2E1BF49D}.Debug|x64.Deploy.0 = Debug|x64
		{9FDB2AE2-A851-44D0-A886-8ACD2E1BF49D}.Debug|x86.ActiveCfg = Debug|x86
		{9FDB2AE2-A851-44D0-A886-8ACD2E1BF49D}.Debug|x86.Build.0 = Debug|x86
		{9FDB2AE2-A851-44D0-A886-8ACD2E1BF49D}.Debug|x86.Deploy.0 = Debug|x86
		{9FDB2AE2-A851-44D0-A886-8ACD2E1BF49D}.Release|ARM.ActiveCfg = Release|ARM
		{9FDB2AE2-A851-44D0-A886-8ACD2E1BF49D}.Release|ARM.Build.0 = Release|ARM
		{9FDB2AE2-A851-44D0-A886-8ACD2E1BF49D}.Release|ARM.Deploy.0 = Release|ARM
		{9FDB2AE2-A851-44D0-A886-8ACD2E1BF49D}.Release|x64.ActiveCfg = Release|x64
		{9FDB2AE2-A851-44D0-A886-8ACD2E1BF49D}.Release|x64.Build.0 = Release|x64
		{9FDB2AE2-A851-44D0-A886-8ACD2E1BF49D}.Release|x64.Deploy.0 = Release|x64
		{9FDB2AE2-A851-44D0-A886-8ACD2E1BF49D}.Release|x86.ActiveCfg = Release|x86
		{9FDB2AE2-A851-44D0-A886-8ACD2E1BF49D}.Release|x86.Build.0 = Release|x86
		{9FDB2AE2-A851-44D0-A886-8ACD2E1BF49D}.Release|x86.Deploy.0 = Release|x86
	EndGlobalSection
	GlobalSection(SolutionProperties) = preSolution
		HideSolutionNode = FALSE
	EndGlobalSection
	GlobalSection(ExtensibilityGlobals) = postSolution
		SolutionGuid = {AA8EFFC0-661B-459C-ABF2-138E1224B46E}
	EndGlobalSection
EndGlobal
